<Solution>
  <Folder Name="/BuildingBlocks/" />
  <Folder Name="/Modules/" />
  <Folder Name="/Modules/Services/">
    <Project Path="Services.Api/Services.Api.csproj" />
    <Project Path="Services.Application/Services.Application.csproj" />
    <Project Path="Services.Domain/Services.Domain.csproj" />
    <Project Path="Services.Infrastructure/Services.Infrastructure.csproj" />
  </Folder>
  <Project Path="Services.Application.UnitTests/Services.Application.UnitTests.csproj" />
  <Project Path="Services.Client/Services.Client.csproj" />
</Solution>
